{
  "name": "vue-apexcharts-trendline",
  "version": "1.0.0",
  "lockfileVersion": 1,
  "requires": true,
  "dependencies": {
    "deepmerge": {
      "version": "4.2.2",
      "resolved": "https://registry.npmjs.org/deepmerge/-/deepmerge-4.2.2.tgz",
      "integrity": "sha512-FJ3UgI4gIl+PHZm53knsuSFpE+nESMr7M4v9QcgB7S63Kj/6WqMiFQJpBBYz1Pt+66bZpP3Q7Lye0Oo9MPKEdg=="
    },
    "vue-apexcharts": {
      "version": "1.5.2",
      "resolved": "https://registry.npmjs.org/vue-apexcharts/-/vue-apexcharts-1.5.2.tgz",
      "integrity": "sha512-m7IIyql4yU6cLTu5RODx3DcdxCekmNRzUh7lEoybq2MXcgabmBPhUn8qgXNx1HucWiMNOdXfwq/L6TfCbKnfMw=="
    }
  }
}
